
Microsoft Visual Studio Solution File, Format Version 12.00
# Visual Studio Version 17
VisualStudioVersion = 17.9.34723.18
MinimumVisualStudioVersion = 10.0.40219.1
Project("{FAE04EC0-301F-11D3-BF4B-00C04F79EFBC}") = "DataAccess", "DataAccess\DataAccess.csproj", "{6E1C4E63-40BF-437E-9D49-E0323CC5AA47}"
EndProject
Project("{FAE04EC0-301F-11D3-BF4B-00C04F79EFBC}") = "Data", "Data\Data.csproj", "{9473FBEA-BD29-4BDF-89B7-7476BA14A690}"
EndProject
Project("{FAE04EC0-301F-11D3-BF4B-00C04F79EFBC}") = "Logic", "Logic\Logic.csproj", "{D377134D-758E-436D-A2E5-F27F73B6A444}"
EndProject
Project("{FAE04EC0-301F-11D3-BF4B-00C04F79EFBC}") = "Api_REST", "Api_REST\Api_REST.csproj", "{E00A306A-C4BC-424D-A191-3FC8B3EF6AD0}"
EndProject
Project("{FAE04EC0-301F-11D3-BF4B-00C04F79EFBC}") = "Tests", "Tests\Tests.csproj", "{5D164C08-A8D1-4278-89E2-04856B93E791}"
EndProject
Global
	GlobalSection(SolutionConfigurationPlatforms) = preSolution
		Debug|Any CPU = Debug|Any CPU
		Release|Any CPU = Release|Any CPU
	EndGlobalSection
	GlobalSection(ProjectConfigurationPlatforms) = postSolution
		{6E1C4E63-40BF-437E-9D49-E0323CC5AA47}.Debug|Any CPU.ActiveCfg = Debug|Any CPU
		{6E1C4E63-40BF-437E-9D49-E0323CC5AA47}.Debug|Any CPU.Build.0 = Debug|Any CPU
		{6E1C4E63-40BF-437E-9D49-E0323CC5AA47}.Release|Any CPU.ActiveCfg = Release|Any CPU
		{6E1C4E63-40BF-437E-9D49-E0323CC5AA47}.Release|Any CPU.Build.0 = Release|Any CPU
		{9473FBEA-BD29-4BDF-89B7-7476BA14A690}.Debug|Any CPU.ActiveCfg = Debug|Any CPU
		{9473FBEA-BD29-4BDF-89B7-7476BA14A690}.Debug|Any CPU.Build.0 = Debug|Any CPU
		{9473FBEA-BD29-4BDF-89B7-7476BA14A690}.Release|Any CPU.ActiveCfg = Release|Any CPU
		{9473FBEA-BD29-4BDF-89B7-7476BA14A690}.Release|Any CPU.Build.0 = Release|Any CPU
		{D377134D-758E-436D-A2E5-F27F73B6A444}.Debug|Any CPU.ActiveCfg = Debug|Any CPU
		{D377134D-758E-436D-A2E5-F27F73B6A444}.Debug|Any CPU.Build.0 = Debug|Any CPU
		{D377134D-758E-436D-A2E5-F27F73B6A444}.Release|Any CPU.ActiveCfg = Release|Any CPU
		{D377134D-758E-436D-A2E5-F27F73B6A444}.Release|Any CPU.Build.0 = Release|Any CPU
		{E00A306A-C4BC-424D-A191-3FC8B3EF6AD0}.Debug|Any CPU.ActiveCfg = Debug|Any CPU
		{E00A306A-C4BC-424D-A191-3FC8B3EF6AD0}.Debug|Any CPU.Build.0 = Debug|Any CPU
		{E00A306A-C4BC-424D-A191-3FC8B3EF6AD0}.Release|Any CPU.ActiveCfg = Release|Any CPU
		{E00A306A-C4BC-424D-A191-3FC8B3EF6AD0}.Release|Any CPU.Build.0 = Release|Any CPU
		{5D164C08-A8D1-4278-89E2-04856B93E791}.Debug|Any CPU.ActiveCfg = Debug|Any CPU
		{5D164C08-A8D1-4278-89E2-04856B93E791}.Debug|Any CPU.Build.0 = Debug|Any CPU
		{5D164C08-A8D1-4278-89E2-04856B93E791}.Release|Any CPU.ActiveCfg = Release|Any CPU
		{5D164C08-A8D1-4278-89E2-04856B93E791}.Release|Any CPU.Build.0 = Release|Any CPU
	EndGlobalSection
	GlobalSection(SolutionProperties) = preSolution
		HideSolutionNode = FALSE
	EndGlobalSection
	GlobalSection(ExtensibilityGlobals) = postSolution
		SolutionGuid = {F07E4CD4-28F9-4CEC-A8DD-DA64D5FA0D5C}
	EndGlobalSection
EndGlobal
